
Microsoft Visual Studio Solution File, Format Version 11.00
# Visual Studio 2010
Project("{FAE04EC0-301F-11D3-BF4B-00C04F79EFBC}") = "Assembly-CSharp", "Assembly-CSharp.csproj", "{D09275CE-EABA-F901-1FB1-58D8FB723EFF}"
EndProject
Project("{FAE04EC0-301F-11D3-BF4B-00C04F79EFBC}") = "Assembly-CSharp-Editor", "Assembly-CSharp-Editor.csproj", "{E4DCA8B9-D43E-F967-3374-BCE37FA357D3}"
EndProject
Global
	GlobalSection(SolutionConfigurationPlatforms) = preSolution
		Debug|Any CPU = Debug|Any CPU
		Release|Any CPU = Release|Any CPU
	EndGlobalSection
	GlobalSection(ProjectConfigurationPlatforms) = postSolution
		{D09275CE-EABA-F901-1FB1-58D8FB723EFF}.Debug|Any CPU.ActiveCfg = Debug|Any CPU
		{D09275CE-EABA-F901-1FB1-58D8FB723EFF}.Debug|Any CPU.Build.0 = Debug|Any CPU
		{D09275CE-EABA-F901-1FB1-58D8FB723EFF}.Release|Any CPU.ActiveCfg = Release|Any CPU
		{D09275CE-EABA-F901-1FB1-58D8FB723EFF}.Release|Any CPU.Build.0 = Release|Any CPU
		{E4DCA8B9-D43E-F967-3374-BCE37FA357D3}.Debug|Any CPU.ActiveCfg = Debug|Any CPU
		{E4DCA8B9-D43E-F967-3374-BCE37FA357D3}.Debug|Any CPU.Build.0 = Debug|Any CPU
		{E4DCA8B9-D43E-F967-3374-BCE37FA357D3}.Release|Any CPU.ActiveCfg = Release|Any CPU
		{E4DCA8B9-D43E-F967-3374-BCE37FA357D3}.Release|Any CPU.Build.0 = Release|Any CPU
	EndGlobalSection
	GlobalSection(SolutionProperties) = preSolution
		HideSolutionNode = FALSE
	EndGlobalSection
EndGlobal
